
Microsoft Visual Studio Solution File, Format Version 12.00
# Visual Studio Version 17
VisualStudioVersion = 17.5.33103.201
MinimumVisualStudioVersion = 10.0.40219.1
Project("{8BC9CEB8-8B4A-11D0-8D11-00A0C91BC942}") = "project_04", "project_04.vcxproj", "{89A79256-C292-4CD0-AC4A-74A369DA8A7F}"
EndProject
Global
	GlobalSection(SolutionConfigurationPlatforms) = preSolution
		Debug|x64 = Debug|x64
		Debug|x86 = Debug|x86
		Release|x64 = Release|x64
		Release|x86 = Release|x86
	EndGlobalSection
	GlobalSection(ProjectConfigurationPlatforms) = postSolution
		{89A79256-C292-4CD0-AC4A-74A369DA8A7F}.Debug|x64.ActiveCfg = Debug|x64
		{89A79256-C292-4CD0-AC4A-74A369DA8A7F}.Debug|x64.Build.0 = Debug|x64
		{89A79256-C292-4CD0-AC4A-74A369DA8A7F}.Debug|x86.ActiveCfg = Debug|Win32
		{89A79256-C292-4CD0-AC4A-74A369DA8A7F}.Debug|x86.Build.0 = Debug|Win32
		{89A79256-C292-4CD0-AC4A-74A369DA8A7F}.Release|x64.ActiveCfg = Release|x64
		{89A79256-C292-4CD0-AC4A-74A369DA8A7F}.Release|x64.Build.0 = Release|x64
		{89A79256-C292-4CD0-AC4A-74A369DA8A7F}.Release|x86.ActiveCfg = Release|Win32
		{89A79256-C292-4CD0-AC4A-74A369DA8A7F}.Release|x86.Build.0 = Release|Win32
	EndGlobalSection
	GlobalSection(SolutionProperties) = preSolution
		HideSolutionNode = FALSE
	EndGlobalSection
	GlobalSection(ExtensibilityGlobals) = postSolution
		SolutionGuid = {62B9330B-6D45-4FBE-9417-087158248440}
	EndGlobalSection
EndGlobal
